
Microsoft Visual Studio Solution File, Format Version 12.00
# Visual Studio Version 17
VisualStudioVersion = 17.11.35312.102
MinimumVisualStudioVersion = 10.0.40219.1
Project("{FAE04EC0-301F-11D3-BF4B-00C04F79EFBC}") = "Domashna4", "Domashna4\Domashna4.csproj", "{755528D7-6561-407F-9B5A-1BE3F0024B13}"
EndProject
Global
	GlobalSection(SolutionConfigurationPlatforms) = preSolution
		Debug|Any CPU = Debug|Any CPU
		Release|Any CPU = Release|Any CPU
	EndGlobalSection
	GlobalSection(ProjectConfigurationPlatforms) = postSolution
		{755528D7-6561-407F-9B5A-1BE3F0024B13}.Debug|Any CPU.ActiveCfg = Debug|Any CPU
		{755528D7-6561-407F-9B5A-1BE3F0024B13}.Debug|Any CPU.Build.0 = Debug|Any CPU
		{755528D7-6561-407F-9B5A-1BE3F0024B13}.Release|Any CPU.ActiveCfg = Release|Any CPU
		{755528D7-6561-407F-9B5A-1BE3F0024B13}.Release|Any CPU.Build.0 = Release|Any CPU
	EndGlobalSection
	GlobalSection(SolutionProperties) = preSolution
		HideSolutionNode = FALSE
	EndGlobalSection
	GlobalSection(ExtensibilityGlobals) = postSolution
		SolutionGuid = {4449309D-6255-4279-921A-6B5E9B313286}
	EndGlobalSection
EndGlobal
